# This file is generated by running "yarn install" inside your project.
# Manual changes might be lost - proceed with caution!

__metadata:
  version: 8
  cacheKey: 10c0

"@codemirror/language@npm:^6.10.1":
  version: 6.10.1
  resolution: "@codemirror/language@npm:6.10.1"
  dependencies:
    "@codemirror/state": "npm:^6.0.0"
    "@codemirror/view": "npm:^6.23.0"
    "@lezer/common": "npm:^1.1.0"
    "@lezer/highlight": "npm:^1.0.0"
    "@lezer/lr": "npm:^1.0.0"
    style-mod: "npm:^4.0.0"
  checksum: 10c0/b910b7be491d3c73389e31d54a6910ad82b35f8ba7a7a48048ea949d881a16e261789b133bee7d458bc5cb1a14eaa2e18f50ac643da17a29d9323d346d3f2a74
  languageName: node
  linkType: hard

"@codemirror/state@npm:^6.0.0, @codemirror/state@npm:^6.4.0":
  version: 6.4.1
  resolution: "@codemirror/state@npm:6.4.1"
  checksum: 10c0/cdab74d0ca4e262531a257ac419c9c44124f3ace8b0ca1262598a9218fbb6fd8f0afeb4b5ed2f64552a9573a0fc5d55481d4b9b05e9505ef729f9bd0f9469423
  languageName: node
  linkType: hard

"@codemirror/view@npm:^6.23.0, @codemirror/view@npm:^6.26.3":
  version: 6.26.3
  resolution: "@codemirror/view@npm:6.26.3"
  dependencies:
    "@codemirror/state": "npm:^6.4.0"
    style-mod: "npm:^4.1.0"
    w3c-keyname: "npm:^2.2.4"
  checksum: 10c0/b2018bd4a0f738dcbfb609412784c7fb13d276d8be6044b513875710567c802c8d6ab5ad755c5669d09029b1c0f7dc739c2e5e5e1256df3d879b1899a07b8df8
  languageName: node
  linkType: hard

"@lezer/common@npm:^1.0.0, @lezer/common@npm:^1.1.0":
  version: 1.2.1
  resolution: "@lezer/common@npm:1.2.1"
  checksum: 10c0/af61436dc026f8deebaded13d8e1beea2ae307cbbfb270116cdedadb8208f0674da9c3b5963128a2b1cd4072b4e90bc8128133f4feaf31b6e801e4568f1a15a6
  languageName: node
  linkType: hard

"@lezer/highlight@npm:^1.0.0, @lezer/highlight@npm:^1.2.0":
  version: 1.2.0
  resolution: "@lezer/highlight@npm:1.2.0"
  dependencies:
    "@lezer/common": "npm:^1.0.0"
  checksum: 10c0/d4312f95b78e4b6f10833b1cf99601c6381c22b755bbf60fd61d6fe9b4cf7780650e2e2dadf75beb8d94824dcb5ec81da5cfc9ca54122688a482e488103105aa
  languageName: node
  linkType: hard

"@lezer/lr@npm:^1.0.0":
  version: 1.4.0
  resolution: "@lezer/lr@npm:1.4.0"
  dependencies:
    "@lezer/common": "npm:^1.0.0"
  checksum: 10c0/1e3af297cc142bb6676cb3c4e1bd310da2e93b53273cf745dc85d839a08e1d3cbbd67e0fc0322a480cf25ee215fefe967c53bc2af3ddf5d9b1bf267081dfa164
  languageName: node
  linkType: hard

"codemirror-theme-moonfly@workspace:.":
  version: 0.0.0-use.local
  resolution: "codemirror-theme-moonfly@workspace:."
  dependencies:
    "@codemirror/language": "npm:^6.10.1"
    "@codemirror/view": "npm:^6.26.3"
    "@lezer/highlight": "npm:^1.2.0"
  languageName: unknown
  linkType: soft

"style-mod@npm:^4.0.0, style-mod@npm:^4.1.0":
  version: 4.1.2
  resolution: "style-mod@npm:4.1.2"
  checksum: 10c0/ad4d870b3642b0e42ecc7be0e106dd14b7af11985e34fee8de34e5e38c3214bfc96fa7055acea86d75a3a59ddea3f6a8c6641001a66494d7df72d09685e3fadb
  languageName: node
  linkType: hard

"w3c-keyname@npm:^2.2.4":
  version: 2.2.8
  resolution: "w3c-keyname@npm:2.2.8"
  checksum: 10c0/37cf335c90efff31672ebb345577d681e2177f7ff9006a9ad47c68c5a9d265ba4a7b39d6c2599ceea639ca9315584ce4bd9c9fbf7a7217bfb7a599e71943c4c4
  languageName: node
  linkType: hard
